// !$*UTF8*$!
{
	archiveVersion = 1;
	classes = {
	};
	objectVersion = 77;
	objects = {

/* Begin PBXBuildFile section */
		BD053CD62F7882B800351FE2 /* App.swift in Sources */ = {isa = PBXBuildFile; fileRef = BD053CD22F7882B800351FE2 /* App.swift */; };
		BD053CD72F7882B800351FE2 /* TemplateLibrary.swift in Sources */ = {isa = PBXBuildFile; fileRef = BD053CD32F7882B800351FE2 /* TemplateLibrary.swift */; };
		BD053CD82F7882B800351FE2 /* ContentView.swift in Sources */ = {isa = PBXBuildFile; fileRef = BD053CD42F7882B800351FE2 /* ContentView.swift */; };
		BD053CD92F7882B800351FE2 /* TemplateDefinition.swift in Sources */ = {isa = PBXBuildFile; fileRef = BD053CD52F7882B800351FE2 /* TemplateDefinition.swift */; };
		BD053CDA2F7882B800351FE2 /* Assets.xcassets in Resources */ = {isa = PBXBuildFile; fileRef = BD053CD02F7882B800351FE2 /* Assets.xcassets */; };
		BD053CE72F7886AB00351FE2 /* Extensions+.swift in Sources */ = {isa = PBXBuildFile; fileRef = BD053CE62F7886AB00351FE2 /* Extensions+.swift */; };
		BD053CEC2F7886EC00351FE2 /* TemplateRenderer.swift in Sources */ = {isa = PBXBuildFile; fileRef = BD053CEB2F7886EC00351FE2 /* TemplateRenderer.swift */; };
		BD053CEE2F7886F400351FE2 /* SharedTemplateStore.swift in Sources */ = {isa = PBXBuildFile; fileRef = BD053CED2F7886F400351FE2 /* SharedTemplateStore.swift */; };
		BD053CF02F78871D00351FE2 /* IconCatalog.swift in Sources */ = {isa = PBXBuildFile; fileRef = BD053CEF2F78871D00351FE2 /* IconCatalog.swift */; };
		BD4FE8F72ED906F500240ABD /* Exten.appex in Embed Foundation Extensions */ = {isa = PBXBuildFile; fileRef = BD4FE8EF2ED906F500240ABD /* Exten.appex */; settings = {ATTRIBUTES = (RemoveHeadersOnCopy, ); }; };
		BD702FC52F85C07900186684 /* OnboardingView.swift in Sources */ = {isa = PBXBuildFile; fileRef = BD702FC42F85C07900186684 /* OnboardingView.swift */; };
		BD702FC92F85C10400186684 /* TokenBarView.swift in Sources */ = {isa = PBXBuildFile; fileRef = BD702FC82F85C10400186684 /* TokenBarView.swift */; };
		BD702FCB2F85CDA100186684 /* TemplateDefaults.swift in Sources */ = {isa = PBXBuildFile; fileRef = BD702FCA2F85CDA100186684 /* TemplateDefaults.swift */; };
		BD702FCC2F85CDA100186684 /* TemplateDefaults.swift in Sources */ = {isa = PBXBuildFile; fileRef = BD702FCA2F85CDA100186684 /* TemplateDefaults.swift */; };
		BDE576DC2F799A9700FC8E53 /* TemplateDefinition.swift in Sources */ = {isa = PBXBuildFile; fileRef = BD053CD52F7882B800351FE2 /* TemplateDefinition.swift */; };
		BDE576DD2F799AA100FC8E53 /* SharedTemplateStore.swift in Sources */ = {isa = PBXBuildFile; fileRef = BD053CED2F7886F400351FE2 /* SharedTemplateStore.swift */; };
		BDE576DE2F799AB000FC8E53 /* Extensions+.swift in Sources */ = {isa = PBXBuildFile; fileRef = BD053CE62F7886AB00351FE2 /* Extensions+.swift */; };
		BDE576DF2F799ACF00FC8E53 /* TemplateRenderer.swift in Sources */ = {isa = PBXBuildFile; fileRef = BD053CEB2F7886EC00351FE2 /* TemplateRenderer.swift */; };
/* End PBXBuildFile section */

/* Begin PBXContainerItemProxy section */
		BD4FE8F52ED906F500240ABD /* PBXContainerItemProxy */ = {
			isa = PBXContainerItemProxy;
			containerPortal = BD4FE8D42ED905C500240ABD /* Project object */;
			proxyType = 1;
			remoteGlobalIDString = BD4FE8EE2ED906F500240ABD;
			remoteInfo = Exten;
		};
/* End PBXContainerItemProxy section */

/* Begin PBXCopyFilesBuildPhase section */
		BD4FE8FC2ED906F500240ABD /* Embed Foundation Extensions */ = {
			isa = PBXCopyFilesBuildPhase;
			buildActionMask = 2147483647;
			dstPath = "";
			dstSubfolderSpec = 13;
			files = (
				BD4FE8F72ED906F500240ABD /* Exten.appex in Embed Foundation Extensions */,
			);
			name = "Embed Foundation Extensions";
			runOnlyForDeploymentPostprocessing = 0;
		};
/* End PBXCopyFilesBuildPhase section */

/* Begin PBXFileReference section */
		BD053CD02F7882B800351FE2 /* Assets.xcassets */ = {isa = PBXFileReference; lastKnownFileType = folder.assetcatalog; path = Assets.xcassets; sourceTree = "<group>"; };
		BD053CD12F7882B800351FE2 /* FinderFileCreator.entitlements */ = {isa = PBXFileReference; lastKnownFileType = text.plist.entitlements; path = FinderFileCreator.entitlements; sourceTree = "<group>"; };
		BD053CD22F7882B800351FE2 /* App.swift */ = {isa = PBXFileReference; lastKnownFileType = sourcecode.swift; path = App.swift; sourceTree = "<group>"; };
		BD053CD32F7882B800351FE2 /* TemplateLibrary.swift */ = {isa = PBXFileReference; lastKnownFileType = sourcecode.swift; path = TemplateLibrary.swift; sourceTree = "<group>"; };
		BD053CD42F7882B800351FE2 /* ContentView.swift */ = {isa = PBXFileReference; lastKnownFileType = sourcecode.swift; path = ContentView.swift; sourceTree = "<group>"; };
		BD053CD52F7882B800351FE2 /* TemplateDefinition.swift */ = {isa = PBXFileReference; lastKnownFileType = sourcecode.swift; path = TemplateDefinition.swift; sourceTree = "<group>"; };
		BD053CE62F7886AB00351FE2 /* Extensions+.swift */ = {isa = PBXFileReference; lastKnownFileType = sourcecode.swift; path = "Extensions+.swift"; sourceTree = "<group>"; };
		BD053CEB2F7886EC00351FE2 /* TemplateRenderer.swift */ = {isa = PBXFileReference; lastKnownFileType = sourcecode.swift; path = TemplateRenderer.swift; sourceTree = "<group>"; };
		BD053CED2F7886F400351FE2 /* SharedTemplateStore.swift */ = {isa = PBXFileReference; lastKnownFileType = sourcecode.swift; path = SharedTemplateStore.swift; sourceTree = "<group>"; };
		BD053CEF2F78871D00351FE2 /* IconCatalog.swift */ = {isa = PBXFileReference; lastKnownFileType = sourcecode.swift; path = IconCatalog.swift; sourceTree = "<group>"; };
		BD4FE8DC2ED905C500240ABD /* FinderFileCreator.app */ = {isa = PBXFileReference; explicitFileType = wrapper.application; includeInIndex = 0; path = FinderFileCreator.app; sourceTree = BUILT_PRODUCTS_DIR; };
		BD4FE8EF2ED906F500240ABD /* Exten.appex */ = {isa = PBXFileReference; explicitFileType = "wrapper.app-extension"; includeInIndex = 0; path = Exten.appex; sourceTree = BUILT_PRODUCTS_DIR; };
		BD702FC42F85C07900186684 /* OnboardingView.swift */ = {isa = PBXFileReference; lastKnownFileType = sourcecode.swift; path = OnboardingView.swift; sourceTree = "<group>"; };
		BD702FC82F85C10400186684 /* TokenBarView.swift */ = {isa = PBXFileReference; lastKnownFileType = sourcecode.swift; path = TokenBarView.swift; sourceTree = "<group>"; };
		BD702FCA2F85CDA100186684 /* TemplateDefaults.swift */ = {isa = PBXFileReference; lastKnownFileType = sourcecode.swift; path = TemplateDefaults.swift; sourceTree = "<group>"; };
/* End PBXFileReference section */

/* Begin PBXFileSystemSynchronizedBuildFileExceptionSet section */
		BD4FE8F82ED906F500240ABD /* Exceptions for "Extension" folder in "Exten" target */ = {
			isa = PBXFileSystemSynchronizedBuildFileExceptionSet;
			membershipExceptions = (
				Info.plist,
			);
			target = BD4FE8EE2ED906F500240ABD /* Exten */;
		};
/* End PBXFileSystemSynchronizedBuildFileExceptionSet section */

/* Begin PBXFileSystemSynchronizedRootGroup section */
		BD4FE8F02ED906F500240ABD /* Extension */ = {
			isa = PBXFileSystemSynchronizedRootGroup;
			exceptions = (
				BD4FE8F82ED906F500240ABD /* Exceptions for "Extension" folder in "Exten" target */,
			);
			path = Extension;
			sourceTree = "<group>";
		};
/* End PBXFileSystemSynchronizedRootGroup section */

/* Begin PBXFrameworksBuildPhase section */
		BD4FE8D92ED905C500240ABD /* Frameworks */ = {
			isa = PBXFrameworksBuildPhase;
			buildActionMask = 2147483647;
			files = (
			);
			runOnlyForDeploymentPostprocessing = 0;
		};
		BD4FE8EC2ED906F500240ABD /* Frameworks */ = {
			isa = PBXFrameworksBuildPhase;
			buildActionMask = 2147483647;
			files = (
			);
			runOnlyForDeploymentPostprocessing = 0;
		};
/* End PBXFrameworksBuildPhase section */

/* Begin PBXGroup section */
		BD053CE42F7885DE00351FE2 /* FinderFileCreator */ = {
			isa = PBXGroup;
			children = (
				BD053CE52F7885E800351FE2 /* Resources */,
				BD053CE82F7886C100351FE2 /* Models */,
				BD702FC72F85C0DC00186684 /* Views */,
				BD053CEB2F7886EC00351FE2 /* TemplateRenderer.swift */,
				BD053CED2F7886F400351FE2 /* SharedTemplateStore.swift */,
				BD053CD32F7882B800351FE2 /* TemplateLibrary.swift */,
				BD053CD42F7882B800351FE2 /* ContentView.swift */,
				BD053CD22F7882B800351FE2 /* App.swift */,
			);
			path = FinderFileCreator;
			sourceTree = "<group>";
		};
		BD053CE52F7885E800351FE2 /* Resources */ = {
			isa = PBXGroup;
			children = (
				BD053CD02F7882B800351FE2 /* Assets.xcassets */,
				BD053CD12F7882B800351FE2 /* FinderFileCreator.entitlements */,
				BD053CE62F7886AB00351FE2 /* Extensions+.swift */,
			);
			path = Resources;
			sourceTree = "<group>";
		};
		BD053CE82F7886C100351FE2 /* Models */ = {
			isa = PBXGroup;
			children = (
				BD053CD52F7882B800351FE2 /* TemplateDefinition.swift */,
				BD053CEF2F78871D00351FE2 /* IconCatalog.swift */,
				BD702FCA2F85CDA100186684 /* TemplateDefaults.swift */,
			);
			path = Models;
			sourceTree = "<group>";
		};
		BD4FE8D32ED905C500240ABD = {
			isa = PBXGroup;
			children = (
				BD053CE42F7885DE00351FE2 /* FinderFileCreator */,
				BD4FE8F02ED906F500240ABD /* Extension */,
				BD4FE8DD2ED905C500240ABD /* Products */,
			);
			sourceTree = "<group>";
		};
		BD4FE8DD2ED905C500240ABD /* Products */ = {
			isa = PBXGroup;
			children = (
				BD4FE8DC2ED905C500240ABD /* FinderFileCreator.app */,
				BD4FE8EF2ED906F500240ABD /* Exten.appex */,
			);
			name = Products;
			sourceTree = "<group>";
		};
		BD702FC72F85C0DC00186684 /* Views */ = {
			isa = PBXGroup;
			children = (
				BD702FC42F85C07900186684 /* OnboardingView.swift */,
				BD702FC82F85C10400186684 /* TokenBarView.swift */,
			);
			path = Views;
			sourceTree = "<group>";
		};
/* End PBXGroup section */

/* Begin PBXNativeTarget section */
		BD4FE8DB2ED905C500240ABD /* FinderFileCreator */ = {
			isa = PBXNativeTarget;
			buildConfigurationList = BD4FE8E82ED905C700240ABD /* Build configuration list for PBXNativeTarget "FinderFileCreator" */;
			buildPhases = (
				BD4FE8D82ED905C500240ABD /* Sources */,
				BD4FE8D92ED905C500240ABD /* Frameworks */,
				BD4FE8DA2ED905C500240ABD /* Resources */,
				BD4FE8FC2ED906F500240ABD /* Embed Foundation Extensions */,
			);
			buildRules = (
			);
			dependencies = (
				BD4FE8F62ED906F500240ABD /* PBXTargetDependency */,
			);
			name = FinderFileCreator;
			packageProductDependencies = (
			);
			productName = FinderFileCreator;
			productReference = BD4FE8DC2ED905C500240ABD /* FinderFileCreator.app */;
			productType = "com.apple.product-type.application";
		};
		BD4FE8EE2ED906F500240ABD /* Exten */ = {
			isa = PBXNativeTarget;
			buildConfigurationList = BD4FE8F92ED906F500240ABD /* Build configuration list for PBXNativeTarget "Exten" */;
			buildPhases = (
				BD4FE8EB2ED906F500240ABD /* Sources */,
				BD4FE8EC2ED906F500240ABD /* Frameworks */,
				BD4FE8ED2ED906F500240ABD /* Resources */,
			);
			buildRules = (
			);
			dependencies = (
			);
			fileSystemSynchronizedGroups = (
				BD4FE8F02ED906F500240ABD /* Extension */,
			);
			name = Exten;
			packageProductDependencies = (
			);
			productName = Exten;
			productReference = BD4FE8EF2ED906F500240ABD /* Exten.appex */;
			productType = "com.apple.product-type.app-extension";
		};
/* End PBXNativeTarget section */

/* Begin PBXProject section */
		BD4FE8D42ED905C500240ABD /* Project object */ = {
			isa = PBXProject;
			attributes = {
				BuildIndependentTargetsInParallel = 1;
				LastSwiftUpdateCheck = 1640;
				LastUpgradeCheck = 1640;
				TargetAttributes = {
					BD4FE8DB2ED905C500240ABD = {
						CreatedOnToolsVersion = 16.4;
					};
					BD4FE8EE2ED906F500240ABD = {
						CreatedOnToolsVersion = 16.4;
					};
				};
			};
			buildConfigurationList = BD4FE8D72ED905C500240ABD /* Build configuration list for PBXProject "FinderFileCreator" */;
			developmentRegion = en;
			hasScannedForEncodings = 0;
			knownRegions = (
				en,
				Base,
			);
			mainGroup = BD4FE8D32ED905C500240ABD;
			minimizedProjectReferenceProxies = 1;
			preferredProjectObjectVersion = 77;
			productRefGroup = BD4FE8DD2ED905C500240ABD /* Products */;
			projectDirPath = "";
			projectRoot = "";
			targets = (
				BD4FE8DB2ED905C500240ABD /* FinderFileCreator */,
				BD4FE8EE2ED906F500240ABD /* Exten */,
			);
		};
/* End PBXProject section */

/* Begin PBXResourcesBuildPhase section */
		BD4FE8DA2ED905C500240ABD /* Resources */ = {
			isa = PBXResourcesBuildPhase;
			buildActionMask = 2147483647;
			files = (
				BD053CDA2F7882B800351FE2 /* Assets.xcassets in Resources */,
			);
			runOnlyForDeploymentPostprocessing = 0;
		};
		BD4FE8ED2ED906F500240ABD /* Resources */ = {
			isa = PBXResourcesBuildPhase;
			buildActionMask = 2147483647;
			files = (
			);
			runOnlyForDeploymentPostprocessing = 0;
		};
/* End PBXResourcesBuildPhase section */

/* Begin PBXSourcesBuildPhase section */
		BD4FE8D82ED905C500240ABD /* Sources */ = {
			isa = PBXSourcesBuildPhase;
			buildActionMask = 2147483647;
			files = (
				BD053CD62F7882B800351FE2 /* App.swift in Sources */,
				BD053CD72F7882B800351FE2 /* TemplateLibrary.swift in Sources */,
				BD053CE72F7886AB00351FE2 /* Extensions+.swift in Sources */,
				BD702FC52F85C07900186684 /* OnboardingView.swift in Sources */,
				BD053CD82F7882B800351FE2 /* ContentView.swift in Sources */,
				BD053CEE2F7886F400351FE2 /* SharedTemplateStore.swift in Sources */,
				BD053CD92F7882B800351FE2 /* TemplateDefinition.swift in Sources */,
				BD053CF02F78871D00351FE2 /* IconCatalog.swift in Sources */,
				BD702FCC2F85CDA100186684 /* TemplateDefaults.swift in Sources */,
				BD053CEC2F7886EC00351FE2 /* TemplateRenderer.swift in Sources */,
				BD702FC92F85C10400186684 /* TokenBarView.swift in Sources */,
			);
			runOnlyForDeploymentPostprocessing = 0;
		};
		BD4FE8EB2ED906F500240ABD /* Sources */ = {
			isa = PBXSourcesBuildPhase;
			buildActionMask = 2147483647;
			files = (
				BDE576DD2F799AA100FC8E53 /* SharedTemplateStore.swift in Sources */,
				BDE576DE2F799AB000FC8E53 /* Extensions+.swift in Sources */,
				BD702FCB2F85CDA100186684 /* TemplateDefaults.swift in Sources */,
				BDE576DC2F799A9700FC8E53 /* TemplateDefinition.swift in Sources */,
				BDE576DF2F799ACF00FC8E53 /* TemplateRenderer.swift in Sources */,
			);
			runOnlyForDeploymentPostprocessing = 0;
		};
/* End PBXSourcesBuildPhase section */

/* Begin PBXTargetDependency section */
		BD4FE8F62ED906F500240ABD /* PBXTargetDependency */ = {
			isa = PBXTargetDependency;
			target = BD4FE8EE2ED906F500240ABD /* Exten */;
			targetProxy = BD4FE8F52ED906F500240ABD /* PBXContainerItemProxy */;
		};
/* End PBXTargetDependency section */

/* Begin XCBuildConfiguration section */
		BD4FE8E62ED905C700240ABD /* Debug */ = {
			isa = XCBuildConfiguration;
			buildSettings = {
				ALWAYS_SEARCH_USER_PATHS = NO;
				ASSETCATALOG_COMPILER_GENERATE_SWIFT_ASSET_SYMBOL_EXTENSIONS = YES;
				CLANG_ANALYZER_NONNULL = YES;
				CLANG_ANALYZER_NUMBER_OBJECT_CONVERSION = YES_AGGRESSIVE;
				CLANG_CXX_LANGUAGE_STANDARD = "gnu++20";
				CLANG_ENABLE_MODULES = YES;
				CLANG_ENABLE_OBJC_ARC = YES;
				CLANG_ENABLE_OBJC_WEAK = YES;
				CLANG_WARN_BLOCK_CAPTURE_AUTORELEASING = YES;
				CLANG_WARN_BOOL_CONVERSION = YES;
				CLANG_WARN_COMMA = YES;
				CLANG_WARN_CONSTANT_CONVERSION = YES;
				CLANG_WARN_DEPRECATED_OBJC_IMPLEMENTATIONS = YES;
				CLANG_WARN_DIRECT_OBJC_ISA_USAGE = YES_ERROR;
				CLANG_WARN_DOCUMENTATION_COMMENTS = YES;
				CLANG_WARN_EMPTY_BODY = YES;
				CLANG_WARN_ENUM_CONVERSION = YES;
				CLANG_WARN_INFINITE_RECURSION = YES;
				CLANG_WARN_INT_CONVERSION = YES;
				CLANG_WARN_NON_LITERAL_NULL_CONVERSION = YES;
				CLANG_WARN_OBJC_IMPLICIT_RETAIN_SELF = YES;
				CLANG_WARN_OBJC_LITERAL_CONVERSION = YES;
				CLANG_WARN_OBJC_ROOT_CLASS = YES_ERROR;
				CLANG_WARN_QUOTED_INCLUDE_IN_FRAMEWORK_HEADER = YES;
				CLANG_WARN_RANGE_LOOP_ANALYSIS = YES;
				CLANG_WARN_STRICT_PROTOTYPES = YES;
				CLANG_WARN_SUSPICIOUS_MOVE = YES;
				CLANG_WARN_UNGUARDED_AVAILABILITY = YES_AGGRESSIVE;
				CLANG_WARN_UNREACHABLE_CODE = YES;
				CLANG_WARN__DUPLICATE_METHOD_MATCH = YES;
				COPY_PHASE_STRIP = NO;
				DEBUG_INFORMATION_FORMAT = dwarf;
				ENABLE_STRICT_OBJC_MSGSEND = YES;
				ENABLE_TESTABILITY = YES;
				ENABLE_USER_SCRIPT_SANDBOXING = YES;
				GCC_C_LANGUAGE_STANDARD = gnu17;
				GCC_DYNAMIC_NO_PIC = NO;
				GCC_NO_COMMON_BLOCKS = YES;
				GCC_OPTIMIZATION_LEVEL = 0;
				GCC_PREPROCESSOR_DEFINITIONS = (
					"DEBUG=1",
					"$(inherited)",
				);
				GCC_WARN_64_TO_32_BIT_CONVERSION = YES;
				GCC_WARN_ABOUT_RETURN_TYPE = YES_ERROR;
				GCC_WARN_UNDECLARED_SELECTOR = YES;
				GCC_WARN_UNINITIALIZED_AUTOS = YES_AGGRESSIVE;
				GCC_WARN_UNUSED_FUNCTION = YES;
				GCC_WARN_UNUSED_VARIABLE = YES;
				LOCALIZATION_PREFERS_STRING_CATALOGS = YES;
				MACOSX_DEPLOYMENT_TARGET = 15.5;
				MTL_ENABLE_DEBUG_INFO = INCLUDE_SOURCE;
				MTL_FAST_MATH = YES;
				ONLY_ACTIVE_ARCH = YES;
				SDKROOT = macosx;
				SWIFT_ACTIVE_COMPILATION_CONDITIONS = "DEBUG $(inherited)";
				SWIFT_OPTIMIZATION_LEVEL = "-Onone";
			};
			name = Debug;
		};
		BD4FE8E72ED905C700240ABD /* Release */ = {
			isa = XCBuildConfiguration;
			buildSettings = {
				ALWAYS_SEARCH_USER_PATHS = NO;
				ASSETCATALOG_COMPILER_GENERATE_SWIFT_ASSET_SYMBOL_EXTENSIONS = YES;
				CLANG_ANALYZER_NONNULL = YES;
				CLANG_ANALYZER_NUMBER_OBJECT_CONVERSION = YES_AGGRESSIVE;
				CLANG_CXX_LANGUAGE_STANDARD = "gnu++20";
				CLANG_ENABLE_MODULES = YES;
				CLANG_ENABLE_OBJC_ARC = YES;
				CLANG_ENABLE_OBJC_WEAK = YES;
				CLANG_WARN_BLOCK_CAPTURE_AUTORELEASING = YES;
				CLANG_WARN_BOOL_CONVERSION = YES;
				CLANG_WARN_COMMA = YES;
				CLANG_WARN_CONSTANT_CONVERSION = YES;
				CLANG_WARN_DEPRECATED_OBJC_IMPLEMENTATIONS = YES;
				CLANG_WARN_DIRECT_OBJC_ISA_USAGE = YES_ERROR;
				CLANG_WARN_DOCUMENTATION_COMMENTS = YES;
				CLANG_WARN_EMPTY_BODY = YES;
				CLANG_WARN_ENUM_CONVERSION = YES;
				CLANG_WARN_INFINITE_RECURSION = YES;
				CLANG_WARN_INT_CONVERSION = YES;
				CLANG_WARN_NON_LITERAL_NULL_CONVERSION = YES;
				CLANG_WARN_OBJC_IMPLICIT_RETAIN_SELF = YES;
				CLANG_WARN_OBJC_LITERAL_CONVERSION = YES;
				CLANG_WARN_OBJC_ROOT_CLASS = YES_ERROR;
				CLANG_WARN_QUOTED_INCLUDE_IN_FRAMEWORK_HEADER = YES;
				CLANG_WARN_RANGE_LOOP_ANALYSIS = YES;
				CLANG_WARN_STRICT_PROTOTYPES = YES;
				CLANG_WARN_SUSPICIOUS_MOVE = YES;
				CLANG_WARN_UNGUARDED_AVAILABILITY = YES_AGGRESSIVE;
				CLANG_WARN_UNREACHABLE_CODE = YES;
				CLANG_WARN__DUPLICATE_METHOD_MATCH = YES;
				COPY_PHASE_STRIP = NO;
				DEBUG_INFORMATION_FORMAT = "dwarf-with-dsym";
				ENABLE_NS_ASSERTIONS = NO;
				ENABLE_STRICT_OBJC_MSGSEND = YES;
				ENABLE_USER_SCRIPT_SANDBOXING = YES;
				GCC_C_LANGUAGE_STANDARD = gnu17;
				GCC_NO_COMMON_BLOCKS = YES;
				GCC_WARN_64_TO_32_BIT_CONVERSION = YES;
				GCC_WARN_ABOUT_RETURN_TYPE = YES_ERROR;
				GCC_WARN_UNDECLARED_SELECTOR = YES;
				GCC_WARN_UNINITIALIZED_AUTOS = YES_AGGRESSIVE;
				GCC_WARN_UNUSED_FUNCTION = YES;
				GCC_WARN_UNUSED_VARIABLE = YES;
				LOCALIZATION_PREFERS_STRING_CATALOGS = YES;
				MACOSX_DEPLOYMENT_TARGET = 15.5;
				MTL_ENABLE_DEBUG_INFO = NO;
				MTL_FAST_MATH = YES;
				SDKROOT = macosx;
				SWIFT_COMPILATION_MODE = wholemodule;
			};
			name = Release;
		};
		BD4FE8E92ED905C700240ABD /* Debug */ = {
			isa = XCBuildConfiguration;
			buildSettings = {
				ASSETCATALOG_COMPILER_APPICON_NAME = AppIcon;
				ASSETCATALOG_COMPILER_GLOBAL_ACCENT_COLOR_NAME = AccentColor;
				CODE_SIGN_ENTITLEMENTS = FinderFileCreator/Resources/FinderFileCreator.entitlements;
				CODE_SIGN_STYLE = Automatic;
				COMBINE_HIDPI_IMAGES = YES;
				CURRENT_PROJECT_VERSION = 1;
				DEVELOPMENT_TEAM = 48S57XVT54;
				ENABLE_PREVIEWS = YES;
				GENERATE_INFOPLIST_FILE = YES;
				INFOPLIST_KEY_CFBundleDisplayName = "File Creator";
				INFOPLIST_KEY_NSHumanReadableCopyright = "";
				LD_RUNPATH_SEARCH_PATHS = (
					"$(inherited)",
					"@executable_path/../Frameworks",
				);
				MACOSX_DEPLOYMENT_TARGET = 15.0;
				MARKETING_VERSION = 1.0;
				PRODUCT_BUNDLE_IDENTIFIER = com.app.FinderFileCreator;
				PRODUCT_NAME = "$(TARGET_NAME)";
				REGISTER_APP_GROUPS = YES;
				SWIFT_EMIT_LOC_STRINGS = YES;
				SWIFT_VERSION = 5.0;
			};
			name = Debug;
		};
		BD4FE8EA2ED905C700240ABD /* Release */ = {
			isa = XCBuildConfiguration;
			buildSettings = {
				ASSETCATALOG_COMPILER_APPICON_NAME = AppIcon;
				ASSETCATALOG_COMPILER_GLOBAL_ACCENT_COLOR_NAME = AccentColor;
				CODE_SIGN_ENTITLEMENTS = FinderFileCreator/Resources/FinderFileCreator.entitlements;
				CODE_SIGN_STYLE = Automatic;
				COMBINE_HIDPI_IMAGES = YES;
				CURRENT_PROJECT_VERSION = 1;
				DEVELOPMENT_TEAM = 48S57XVT54;
				ENABLE_PREVIEWS = YES;
				GENERATE_INFOPLIST_FILE = YES;
				INFOPLIST_KEY_CFBundleDisplayName = "File Creator";
				INFOPLIST_KEY_NSHumanReadableCopyright = "";
				LD_RUNPATH_SEARCH_PATHS = (
					"$(inherited)",
					"@executable_path/../Frameworks",
				);
				MACOSX_DEPLOYMENT_TARGET = 15.0;
				MARKETING_VERSION = 1.0;
				PRODUCT_BUNDLE_IDENTIFIER = com.app.FinderFileCreator;
				PRODUCT_NAME = "$(TARGET_NAME)";
				REGISTER_APP_GROUPS = YES;
				SWIFT_EMIT_LOC_STRINGS = YES;
				SWIFT_VERSION = 5.0;
			};
			name = Release;
		};
		BD4FE8FA2ED906F500240ABD /* Debug */ = {
			isa = XCBuildConfiguration;
			buildSettings = {
				CODE_SIGN_ENTITLEMENTS = Extension/Extension.entitlements;
				CODE_SIGN_STYLE = Automatic;
				COMBINE_HIDPI_IMAGES = YES;
				CURRENT_PROJECT_VERSION = 1;
				DEVELOPMENT_TEAM = 48S57XVT54;
				GENERATE_INFOPLIST_FILE = YES;
				INFOPLIST_FILE = Extension/Info.plist;
				INFOPLIST_KEY_CFBundleDisplayName = Exten;
				INFOPLIST_KEY_NSHumanReadableCopyright = "";
				LD_RUNPATH_SEARCH_PATHS = (
					"$(inherited)",
					"@executable_path/../Frameworks",
					"@executable_path/../../../../Frameworks",
				);
				MACOSX_DEPLOYMENT_TARGET = 15.0;
				MARKETING_VERSION = 1.0;
				PRODUCT_BUNDLE_IDENTIFIER = com.app.FinderFileCreator.Exten;
				PRODUCT_NAME = "$(TARGET_NAME)";
				REGISTER_APP_GROUPS = YES;
				SKIP_INSTALL = YES;
				SWIFT_EMIT_LOC_STRINGS = YES;
				SWIFT_VERSION = 5.0;
			};
			name = Debug;
		};
		BD4FE8FB2ED906F500240ABD /* Release */ = {
			isa = XCBuildConfiguration;
			buildSettings = {
				CODE_SIGN_ENTITLEMENTS = Extension/Extension.entitlements;
				CODE_SIGN_STYLE = Automatic;
				COMBINE_HIDPI_IMAGES = YES;
				CURRENT_PROJECT_VERSION = 1;
				DEVELOPMENT_TEAM = 48S57XVT54;
				GENERATE_INFOPLIST_FILE = YES;
				INFOPLIST_FILE = Extension/Info.plist;
				INFOPLIST_KEY_CFBundleDisplayName = Exten;
				INFOPLIST_KEY_NSHumanReadableCopyright = "";
				LD_RUNPATH_SEARCH_PATHS = (
					"$(inherited)",
					"@executable_path/../Frameworks",
					"@executable_path/../../../../Frameworks",
				);
				MACOSX_DEPLOYMENT_TARGET = 15.0;
				MARKETING_VERSION = 1.0;
				PRODUCT_BUNDLE_IDENTIFIER = com.app.FinderFileCreator.Exten;
				PRODUCT_NAME = "$(TARGET_NAME)";
				REGISTER_APP_GROUPS = YES;
				SKIP_INSTALL = YES;
				SWIFT_EMIT_LOC_STRINGS = YES;
				SWIFT_VERSION = 5.0;
			};
			name = Release;
		};
/* End XCBuildConfiguration section */

/* Begin XCConfigurationList section */
		BD4FE8D72ED905C500240ABD /* Build configuration list for PBXProject "FinderFileCreator" */ = {
			isa = XCConfigurationList;
			buildConfigurations = (
				BD4FE8E62ED905C700240ABD /* Debug */,
				BD4FE8E72ED905C700240ABD /* Release */,
			);
			defaultConfigurationIsVisible = 0;
			defaultConfigurationName = Release;
		};
		BD4FE8E82ED905C700240ABD /* Build configuration list for PBXNativeTarget "FinderFileCreator" */ = {
			isa = XCConfigurationList;
			buildConfigurations = (
				BD4FE8E92ED905C700240ABD /* Debug */,
				BD4FE8EA2ED905C700240ABD /* Release */,
			);
			defaultConfigurationIsVisible = 0;
			defaultConfigurationName = Release;
		};
		BD4FE8F92ED906F500240ABD /* Build configuration list for PBXNativeTarget "Exten" */ = {
			isa = XCConfigurationList;
			buildConfigurations = (
				BD4FE8FA2ED906F500240ABD /* Debug */,
				BD4FE8FB2ED906F500240ABD /* Release */,
			);
			defaultConfigurationIsVisible = 0;
			defaultConfigurationName = Release;
		};
/* End XCConfigurationList section */
	};
	rootObject = BD4FE8D42ED905C500240ABD /* Project object */;
}
